
Microsoft Visual Studio Solution File, Format Version 12.00
# Visual Studio Version 16
VisualStudioVersion = 16.0.28803.352
MinimumVisualStudioVersion = 10.0.40219.1
Project("{9A19103F-16F7-4668-BE54-9A1E7A4F7556}") = "LeetCrawler.Console", "LeetCrawler.Console\LeetCrawler.Console.csproj", "{8F191E93-381A-4C6B-9742-CFA60EC786AB}"
EndProject
Project("{FAE04EC0-301F-11D3-BF4B-00C04F79EFBC}") = "LeetCrawler.Core", "LeetCrawler.Core\LeetCrawler.Core.csproj", "{18426F21-2BBF-4625-B507-407C5148CF4E}"
EndProject
Global
	GlobalSection(SolutionConfigurationPlatforms) = preSolution
		Debug|Any CPU = Debug|Any CPU
		Release|Any CPU = Release|Any CPU
	EndGlobalSection
	GlobalSection(ProjectConfigurationPlatforms) = postSolution
		{8F191E93-381A-4C6B-9742-CFA60EC786AB}.Debug|Any CPU.ActiveCfg = Debug|Any CPU
		{8F191E93-381A-4C6B-9742-CFA60EC786AB}.Debug|Any CPU.Build.0 = Debug|Any CPU
		{8F191E93-381A-4C6B-9742-CFA60EC786AB}.Release|Any CPU.ActiveCfg = Release|Any CPU
		{8F191E93-381A-4C6B-9742-CFA60EC786AB}.Release|Any CPU.Build.0 = Release|Any CPU
		{18426F21-2BBF-4625-B507-407C5148CF4E}.Debug|Any CPU.ActiveCfg = Debug|Any CPU
		{18426F21-2BBF-4625-B507-407C5148CF4E}.Debug|Any CPU.Build.0 = Debug|Any CPU
		{18426F21-2BBF-4625-B507-407C5148CF4E}.Release|Any CPU.ActiveCfg = Release|Any CPU
		{18426F21-2BBF-4625-B507-407C5148CF4E}.Release|Any CPU.Build.0 = Release|Any CPU
	EndGlobalSection
	GlobalSection(SolutionProperties) = preSolution
		HideSolutionNode = FALSE
	EndGlobalSection
	GlobalSection(ExtensibilityGlobals) = postSolution
		SolutionGuid = {D204EA83-A619-477D-9551-D00A1F7B40CC}
	EndGlobalSection
EndGlobal
